{
  "name": "ice_cream",
  "version": "1.0.0",
  "lockfileVersion": 1,
  "requires": true,
  "dependencies": {
    "heap-min-max": {
      "version": "1.0.4",
      "resolved": "https://registry.npmjs.org/heap-min-max/-/heap-min-max-1.0.4.tgz",
      "integrity": "sha1-93iVSIryO+4P3Q1XQZDtR37HFwA="
    }
  }
}
